lockfileVersion: '9.0'

settings:
  autoInstallPeers: true
  excludeLinksFromLockfile: false

importers:

  .:
    dependencies:
      stripe:
        specifier: 22.4.0
        version: 22.4.0

packages:

  stripe@22.4.0:
    resolution: {integrity: sha512-LVJ+tcSYeqOSnXr3i+Kz2tZ7y0crLLdP2uwD/4wccrmEVyn0g/Heo0pF7as7rxS/sOjJzrb1lxgZY0Y0Dx1pSA==}
    engines: {node: '>=18'}
    peerDependencies:
      '@types/node': '>=18'
    peerDependenciesMeta:
      '@types/node':
        optional: true

snapshots:

  stripe@22.4.0: {}
